// !$*UTF8*$!
{
	archiveVersion = 1;
	classes = {
	};
	objectVersion = 56;
	objects = {

/* Begin PBXBuildFile section */
		0257D8DF29030B60007C615C /* recipes.json in Resources */ = {isa = PBXBuildFile; fileRef = 0257D8DE29030B60007C615C /* recipes.json */; };
		0257D8E129030D12007C615C /* Recipe.swift in Sources */ = {isa = PBXBuildFile; fileRef = 0257D8E029030D12007C615C /* Recipe.swift */; };
		0257D8E329031EB6007C615C /* RecipeModel.swift in Sources */ = {isa = PBXBuildFile; fileRef = 0257D8E229031EB6007C615C /* RecipeModel.swift */; };
		0257D8E529032A01007C615C /* DataService.swift in Sources */ = {isa = PBXBuildFile; fileRef = 0257D8E429032A01007C615C /* DataService.swift */; };
		02C8FDFC290D6FBA00276705 /* RecipeTabView.swift in Sources */ = {isa = PBXBuildFile; fileRef = 02C8FDFB290D6FBA00276705 /* RecipeTabView.swift */; };
		02CE27F028E49596005A8DD2 /* recipe_listApp.swift in Sources */ = {isa = PBXBuildFile; fileRef = 02CE27EF28E49596005A8DD2 /* recipe_listApp.swift */; };
		02CE27F228E49596005A8DD2 /* RecipeListView.swift in Sources */ = {isa = PBXBuildFile; fileRef = 02CE27F128E49596005A8DD2 /* RecipeListView.swift */; };
		02CE27F428E49598005A8DD2 /* Assets.xcassets in Resources */ = {isa = PBXBuildFile; fileRef = 02CE27F328E49598005A8DD2 /* Assets.xcassets */; };
		02CE27F728E49598005A8DD2 /* Preview Assets.xcassets in Resources */ = {isa = PBXBuildFile; fileRef = 02CE27F628E49598005A8DD2 /* Preview Assets.xcassets */; };
		02F80A702904A2E000A351A3 /* RecipeDetailView.swift in Sources */ = {isa = PBXBuildFile; fileRef = 02F80A6F2904A2E000A351A3 /* RecipeDetailView.swift */; };
/* End PBXBuildFile section */

/* Begin PBXFileReference section */
		0257D8DE29030B60007C615C /* recipes.json */ = {isa = PBXFileReference; fileEncoding = 4; lastKnownFileType = text.json; path = recipes.json; sourceTree = "<group>"; };
		0257D8E029030D12007C615C /* Recipe.swift */ = {isa = PBXFileReference; lastKnownFileType = sourcecode.swift; path = Recipe.swift; sourceTree = "<group>"; };
		0257D8E229031EB6007C615C /* RecipeModel.swift */ = {isa = PBXFileReference; lastKnownFileType = sourcecode.swift; path = RecipeModel.swift; sourceTree = "<group>"; };
		0257D8E429032A01007C615C /* DataService.swift */ = {isa = PBXFileReference; lastKnownFileType = sourcecode.swift; path = DataService.swift; sourceTree = "<group>"; };
		02C8FDFB290D6FBA00276705 /* RecipeTabView.swift */ = {isa = PBXFileReference; lastKnownFileType = sourcecode.swift; path = RecipeTabView.swift; sourceTree = "<group>"; };
		02CE27EC28E49596005A8DD2 /* recipe-list.app */ = {isa = PBXFileReference; explicitFileType = wrapper.application; includeInIndex = 0; path = "recipe-list.app"; sourceTree = BUILT_PRODUCTS_DIR; };
		02CE27EF28E49596005A8DD2 /* recipe_listApp.swift */ = {isa = PBXFileReference; lastKnownFileType = sourcecode.swift; path = recipe_listApp.swift; sourceTree = "<group>"; };
		02CE27F128E49596005A8DD2 /* RecipeListView.swift */ = {isa = PBXFileReference; lastKnownFileType = sourcecode.swift; path = RecipeListView.swift; sourceTree = "<group>"; };
		02CE27F328E49598005A8DD2 /* Assets.xcassets */ = {isa = PBXFileReference; lastKnownFileType = folder.assetcatalog; path = Assets.xcassets; sourceTree = "<group>"; };
		02CE27F628E49598005A8DD2 /* Preview Assets.xcassets */ = {isa = PBXFileReference; lastKnownFileType = folder.assetcatalog; path = "Preview Assets.xcassets"; sourceTree = "<group>"; };
		02F80A6F2904A2E000A351A3 /* RecipeDetailView.swift */ = {isa = PBXFileReference; lastKnownFileType = sourcecode.swift; path = RecipeDetailView.swift; sourceTree = "<group>"; };
/* End PBXFileReference section */

/* Begin PBXFrameworksBuildPhase section */
		02CE27E928E49596005A8DD2 /* Frameworks */ = {
			isa = PBXFrameworksBuildPhase;
			buildActionMask = 2147483647;
			files = (
			);
			runOnlyForDeploymentPostprocessing = 0;
		};
/* End PBXFrameworksBuildPhase section */

/* Begin PBXGroup section */
		02CE27E328E49596005A8DD2 = {
			isa = PBXGroup;
			children = (
				02CE27EE28E49596005A8DD2 /* recipe-list */,
				02CE27ED28E49596005A8DD2 /* Products */,
			);
			sourceTree = "<group>";
		};
		02CE27ED28E49596005A8DD2 /* Products */ = {
			isa = PBXGroup;
			children = (
				02CE27EC28E49596005A8DD2 /* recipe-list.app */,
			);
			name = Products;
			sourceTree = "<group>";
		};
		02CE27EE28E49596005A8DD2 /* recipe-list */ = {
			isa = PBXGroup;
			children = (
				02CE280128E495E6005A8DD2 /* Services */,
				02CE280028E495D1005A8DD2 /* Views */,
				02CE27FF28E495C1005A8DD2 /* ViewModels */,
				02CE27FE28E495B6005A8DD2 /* Models */,
				02CE27FD28E495AE005A8DD2 /* Data */,
				02CE27EF28E49596005A8DD2 /* recipe_listApp.swift */,
				02CE27F328E49598005A8DD2 /* Assets.xcassets */,
				02CE27F528E49598005A8DD2 /* Preview Content */,
			);
			path = "recipe-list";
			sourceTree = "<group>";
		};
		02CE27F528E49598005A8DD2 /* Preview Content */ = {
			isa = PBXGroup;
			children = (
				02CE27F628E49598005A8DD2 /* Preview Assets.xcassets */,
			);
			path = "Preview Content";
			sourceTree = "<group>";
		};
		02CE27FD28E495AE005A8DD2 /* Data */ = {
			isa = PBXGroup;
			children = (
				0257D8DE29030B60007C615C /* recipes.json */,
			);
			path = Data;
			sourceTree = "<group>";
		};
		02CE27FE28E495B6005A8DD2 /* Models */ = {
			isa = PBXGroup;
			children = (
				0257D8E029030D12007C615C /* Recipe.swift */,
			);
			path = Models;
			sourceTree = "<group>";
		};
		02CE27FF28E495C1005A8DD2 /* ViewModels */ = {
			isa = PBXGroup;
			children = (
				0257D8E229031EB6007C615C /* RecipeModel.swift */,
			);
			path = ViewModels;
			sourceTree = "<group>";
		};
		02CE280028E495D1005A8DD2 /* Views */ = {
			isa = PBXGroup;
			children = (
				02C8FDFB290D6FBA00276705 /* RecipeTabView.swift */,
				02CE27F128E49596005A8DD2 /* RecipeListView.swift */,
				02F80A6F2904A2E000A351A3 /* RecipeDetailView.swift */,
			);
			path = Views;
			sourceTree = "<group>";
		};
		02CE280128E495E6005A8DD2 /* Services */ = {
			isa = PBXGroup;
			children = (
				0257D8E429032A01007C615C /* DataService.swift */,
			);
			path = Services;
			sourceTree = "<group>";
		};
/* End PBXGroup section */

/* Begin PBXNativeTarget section */
		02CE27EB28E49596005A8DD2 /* recipe-list */ = {
			isa = PBXNativeTarget;
			buildConfigurationList = 02CE27FA28E49598005A8DD2 /* Build configuration list for PBXNativeTarget "recipe-list" */;
			buildPhases = (
				02CE27E828E49596005A8DD2 /* Sources */,
				02CE27E928E49596005A8DD2 /* Frameworks */,
				02CE27EA28E49596005A8DD2 /* Resources */,
			);
			buildRules = (
			);
			dependencies = (
			);
			name = "recipe-list";
			productName = "recipe-list";
			productReference = 02CE27EC28E49596005A8DD2 /* recipe-list.app */;
			productType = "com.apple.product-type.application";
		};
/* End PBXNativeTarget section */

/* Begin PBXProject section */
		02CE27E428E49596005A8DD2 /* Project object */ = {
			isa = PBXProject;
			attributes = {
				BuildIndependentTargetsInParallel = 1;
				LastSwiftUpdateCheck = 1400;
				LastUpgradeCheck = 1400;
				TargetAttributes = {
					02CE27EB28E49596005A8DD2 = {
						CreatedOnToolsVersion = 14.0;
					};
				};
			};
			buildConfigurationList = 02CE27E728E49596005A8DD2 /* Build configuration list for PBXProject "recipe-list" */;
			compatibilityVersion = "Xcode 14.0";
			developmentRegion = en;
			hasScannedForEncodings = 0;
			knownRegions = (
				en,
				Base,
			);
			mainGroup = 02CE27E328E49596005A8DD2;
			productRefGroup = 02CE27ED28E49596005A8DD2 /* Products */;
			projectDirPath = "";
			projectRoot = "";
			targets = (
				02CE27EB28E49596005A8DD2 /* recipe-list */,
			);
		};
/* End PBXProject section */

/* Begin PBXResourcesBuildPhase section */
		02CE27EA28E49596005A8DD2 /* Resources */ = {
			isa = PBXResourcesBuildPhase;
			buildActionMask = 2147483647;
			files = (
				02CE27F728E49598005A8DD2 /* Preview Assets.xcassets in Resources */,
				0257D8DF29030B60007C615C /* recipes.json in Resources */,
				02CE27F428E49598005A8DD2 /* Assets.xcassets in Resources */,
			);
			runOnlyForDeploymentPostprocessing = 0;
		};
/* End PBXResourcesBuildPhase section */

/* Begin PBXSourcesBuildPhase section */
		02CE27E828E49596005A8DD2 /* Sources */ = {
			isa = PBXSourcesBuildPhase;
			buildActionMask = 2147483647;
			files = (
				0257D8E129030D12007C615C /* Recipe.swift in Sources */,
				02F80A702904A2E000A351A3 /* RecipeDetailView.swift in Sources */,
				0257D8E329031EB6007C615C /* RecipeModel.swift in Sources */,
				02CE27F228E49596005A8DD2 /* RecipeListView.swift in Sources */,
				02CE27F028E49596005A8DD2 /* recipe_listApp.swift in Sources */,
				0257D8E529032A01007C615C /* DataService.swift in Sources */,
				02C8FDFC290D6FBA00276705 /* RecipeTabView.swift in Sources */,
			);
			runOnlyForDeploymentPostprocessing = 0;
		};
/* End PBXSourcesBuildPhase section */

/* Begin XCBuildConfiguration section */
		02CE27F828E49598005A8DD2 /* Debug */ = {
			isa = XCBuildConfiguration;
			buildSettings = {
				ALWAYS_SEARCH_USER_PATHS = NO;
				CLANG_ANALYZER_NONNULL = YES;
				CLANG_ANALYZER_NUMBER_OBJECT_CONVERSION = YES_AGGRESSIVE;
				CLANG_CXX_LANGUAGE_STANDARD = "gnu++20";
				CLANG_ENABLE_MODULES = YES;
				CLANG_ENABLE_OBJC_ARC = YES;
				CLANG_ENABLE_OBJC_WEAK = YES;
				CLANG_WARN_BLOCK_CAPTURE_AUTORELEASING = YES;
				CLANG_WARN_BOOL_CONVERSION = YES;
				CLANG_WARN_COMMA = YES;
				CLANG_WARN_CONSTANT_CONVERSION = YES;
				CLANG_WARN_DEPRECATED_OBJC_IMPLEMENTATIONS = YES;
				CLANG_WARN_DIRECT_OBJC_ISA_USAGE = YES_ERROR;
				CLANG_WARN_DOCUMENTATION_COMMENTS = YES;
				CLANG_WARN_EMPTY_BODY = YES;
				CLANG_WARN_ENUM_CONVERSION = YES;
				CLANG_WARN_INFINITE_RECURSION = YES;
				CLANG_WARN_INT_CONVERSION = YES;
				CLANG_WARN_NON_LITERAL_NULL_CONVERSION = YES;
				CLANG_WARN_OBJC_IMPLICIT_RETAIN_SELF = YES;
				CLANG_WARN_OBJC_LITERAL_CONVERSION = YES;
				CLANG_WARN_OBJC_ROOT_CLASS = YES_ERROR;
				CLANG_WARN_QUOTED_INCLUDE_IN_FRAMEWORK_HEADER = YES;
				CLANG_WARN_RANGE_LOOP_ANALYSIS = YES;
				CLANG_WARN_STRICT_PROTOTYPES = YES;
				CLANG_WARN_SUSPICIOUS_MOVE = YES;
				CLANG_WARN_UNGUARDED_AVAILABILITY = YES_AGGRESSIVE;
				CLANG_WARN_UNREACHABLE_CODE = YES;
				CLANG_WARN__DUPLICATE_METHOD_MATCH = YES;
				COPY_PHASE_STRIP = NO;
				DEBUG_INFORMATION_FORMAT = dwarf;
				ENABLE_STRICT_OBJC_MSGSEND = YES;
				ENABLE_TESTABILITY = YES;
				GCC_C_LANGUAGE_STANDARD = gnu11;
				GCC_DYNAMIC_NO_PIC = NO;
				GCC_NO_COMMON_BLOCKS = YES;
				GCC_OPTIMIZATION_LEVEL = 0;
				GCC_PREPROCESSOR_DEFINITIONS = (
					"DEBUG=1",
					"$(inherited)",
				);
				GCC_WARN_64_TO_32_BIT_CONVERSION = YES;
				GCC_WARN_ABOUT_RETURN_TYPE = YES_ERROR;
				GCC_WARN_UNDECLARED_SELECTOR = YES;
				GCC_WARN_UNINITIALIZED_AUTOS = YES_AGGRESSIVE;
				GCC_WARN_UNUSED_FUNCTION = YES;
				GCC_WARN_UNUSED_VARIABLE = YES;
				IPHONEOS_DEPLOYMENT_TARGET = 16.0;
				MTL_ENABLE_DEBUG_INFO = INCLUDE_SOURCE;
				MTL_FAST_MATH = YES;
				ONLY_ACTIVE_ARCH = YES;
				SDKROOT = iphoneos;
				SWIFT_ACTIVE_COMPILATION_CONDITIONS = DEBUG;
				SWIFT_OPTIMIZATION_LEVEL = "-Onone";
			};
			name = Debug;
		};
		02CE27F928E49598005A8DD2 /* Release */ = {
			isa = XCBuildConfiguration;
			buildSettings = {
				ALWAYS_SEARCH_USER_PATHS = NO;
				CLANG_ANALYZER_NONNULL = YES;
				CLANG_ANALYZER_NUMBER_OBJECT_CONVERSION = YES_AGGRESSIVE;
				CLANG_CXX_LANGUAGE_STANDARD = "gnu++20";
				CLANG_ENABLE_MODULES = YES;
				CLANG_ENABLE_OBJC_ARC = YES;
				CLANG_ENABLE_OBJC_WEAK = YES;
				CLANG_WARN_BLOCK_CAPTURE_AUTORELEASING = YES;
				CLANG_WARN_BOOL_CONVERSION = YES;
				CLANG_WARN_COMMA = YES;
				CLANG_WARN_CONSTANT_CONVERSION = YES;
				CLANG_WARN_DEPRECATED_OBJC_IMPLEMENTATIONS = YES;
				CLANG_WARN_DIRECT_OBJC_ISA_USAGE = YES_ERROR;
				CLANG_WARN_DOCUMENTATION_COMMENTS = YES;
				CLANG_WARN_EMPTY_BODY = YES;
				CLANG_WARN_ENUM_CONVERSION = YES;
				CLANG_WARN_INFINITE_RECURSION = YES;
				CLANG_WARN_INT_CONVERSION = YES;
				CLANG_WARN_NON_LITERAL_NULL_CONVERSION = YES;
				CLANG_WARN_OBJC_IMPLICIT_RETAIN_SELF = YES;
				CLANG_WARN_OBJC_LITERAL_CONVERSION = YES;
				CLANG_WARN_OBJC_ROOT_CLASS = YES_ERROR;
				CLANG_WARN_QUOTED_INCLUDE_IN_FRAMEWORK_HEADER = YES;
				CLANG_WARN_RANGE_LOOP_ANALYSIS = YES;
				CLANG_WARN_STRICT_PROTOTYPES = YES;
				CLANG_WARN_SUSPICIOUS_MOVE = YES;
				CLANG_WARN_UNGUARDED_AVAILABILITY = YES_AGGRESSIVE;
				CLANG_WARN_UNREACHABLE_CODE = YES;
				CLANG_WARN__DUPLICATE_METHOD_MATCH = YES;
				COPY_PHASE_STRIP = NO;
				DEBUG_INFORMATION_FORMAT = "dwarf-with-dsym";
				ENABLE_NS_ASSERTIONS = NO;
				ENABLE_STRICT_OBJC_MSGSEND = YES;
				GCC_C_LANGUAGE_STANDARD = gnu11;
				GCC_NO_COMMON_BLOCKS = YES;
				GCC_WARN_64_TO_32_BIT_CONVERSION = YES;
				GCC_WARN_ABOUT_RETURN_TYPE = YES_ERROR;
				GCC_WARN_UNDECLARED_SELECTOR = YES;
				GCC_WARN_UNINITIALIZED_AUTOS = YES_AGGRESSIVE;
				GCC_WARN_UNUSED_FUNCTION = YES;
				GCC_WARN_UNUSED_VARIABLE = YES;
				IPHONEOS_DEPLOYMENT_TARGET = 16.0;
				MTL_ENABLE_DEBUG_INFO = NO;
				MTL_FAST_MATH = YES;
				SDKROOT = iphoneos;
				SWIFT_COMPILATION_MODE = wholemodule;
				SWIFT_OPTIMIZATION_LEVEL = "-O";
				VALIDATE_PRODUCT = YES;
			};
			name = Release;
		};
		02CE27FB28E49598005A8DD2 /* Debug */ = {
			isa = XCBuildConfiguration;
			buildSettings = {
				ASSETCATALOG_COMPILER_APPICON_NAME = AppIcon;
				ASSETCATALOG_COMPILER_GLOBAL_ACCENT_COLOR_NAME = AccentColor;
				CODE_SIGN_STYLE = Automatic;
				CURRENT_PROJECT_VERSION = 1;
				DEVELOPMENT_ASSET_PATHS = "\"recipe-list/Preview Content\"";
				DEVELOPMENT_TEAM = 9GNV74Z5L3;
				ENABLE_PREVIEWS = YES;
				GENERATE_INFOPLIST_FILE = YES;
				INFOPLIST_KEY_UIApplicationSceneManifest_Generation = YES;
				INFOPLIST_KEY_UIApplicationSupportsIndirectInputEvents = YES;
				INFOPLIST_KEY_UILaunchScreen_Generation = YES;
				INFOPLIST_KEY_UISupportedInterfaceOrientations_iPad = "UIInterfaceOrientationPortrait UIInterfaceOrientationPortraitUpsideDown UIInterfaceOrientationLandscapeLeft UIInterfaceOrientationLandscapeRight";
				INFOPLIST_KEY_UISupportedInterfaceOrientations_iPhone = "UIInterfaceOrientationPortrait UIInterfaceOrientationLandscapeLeft UIInterfaceOrientationLandscapeRight";
				LD_RUNPATH_SEARCH_PATHS = (
					"$(inherited)",
					"@executable_path/Frameworks",
				);
				MARKETING_VERSION = 1.0;
				PRODUCT_BUNDLE_IDENTIFIER = "com.valentineejk.recipe-list";
				PRODUCT_NAME = "$(TARGET_NAME)";
				SWIFT_EMIT_LOC_STRINGS = YES;
				SWIFT_VERSION = 5.0;
				TARGETED_DEVICE_FAMILY = "1,2";
			};
			name = Debug;
		};
		02CE27FC28E49598005A8DD2 /* Release */ = {
			isa = XCBuildConfiguration;
			buildSettings = {
				ASSETCATALOG_COMPILER_APPICON_NAME = AppIcon;
				ASSETCATALOG_COMPILER_GLOBAL_ACCENT_COLOR_NAME = AccentColor;
				CODE_SIGN_STYLE = Automatic;
				CURRENT_PROJECT_VERSION = 1;
				DEVELOPMENT_ASSET_PATHS = "\"recipe-list/Preview Content\"";
				DEVELOPMENT_TEAM = 9GNV74Z5L3;
				ENABLE_PREVIEWS = YES;
				GENERATE_INFOPLIST_FILE = YES;
				INFOPLIST_KEY_UIApplicationSceneManifest_Generation = YES;
				INFOPLIST_KEY_UIApplicationSupportsIndirectInputEvents = YES;
				INFOPLIST_KEY_UILaunchScreen_Generation = YES;
				INFOPLIST_KEY_UISupportedInterfaceOrientations_iPad = "UIInterfaceOrientationPortrait UIInterfaceOrientationPortraitUpsideDown UIInterfaceOrientationLandscapeLeft UIInterfaceOrientationLandscapeRight";
				INFOPLIST_KEY_UISupportedInterfaceOrientations_iPhone = "UIInterfaceOrientationPortrait UIInterfaceOrientationLandscapeLeft UIInterfaceOrientationLandscapeRight";
				LD_RUNPATH_SEARCH_PATHS = (
					"$(inherited)",
					"@executable_path/Frameworks",
				);
				MARKETING_VERSION = 1.0;
				PRODUCT_BUNDLE_IDENTIFIER = "com.valentineejk.recipe-list";
				PRODUCT_NAME = "$(TARGET_NAME)";
				SWIFT_EMIT_LOC_STRINGS = YES;
				SWIFT_VERSION = 5.0;
				TARGETED_DEVICE_FAMILY = "1,2";
			};
			name = Release;
		};
/* End XCBuildConfiguration section */

/* Begin XCConfigurationList section */
		02CE27E728E49596005A8DD2 /* Build configuration list for PBXProject "recipe-list" */ = {
			isa = XCConfigurationList;
			buildConfigurations = (
				02CE27F828E49598005A8DD2 /* Debug */,
				02CE27F928E49598005A8DD2 /* Release */,
			);
			defaultConfigurationIsVisible = 0;
			defaultConfigurationName = Release;
		};
		02CE27FA28E49598005A8DD2 /* Build configuration list for PBXNativeTarget "recipe-list" */ = {
			isa = XCConfigurationList;
			buildConfigurations = (
				02CE27FB28E49598005A8DD2 /* Debug */,
				02CE27FC28E49598005A8DD2 /* Release */,
			);
			defaultConfigurationIsVisible = 0;
			defaultConfigurationName = Release;
		};
/* End XCConfigurationList section */
	};
	rootObject = 02CE27E428E49596005A8DD2 /* Project object */;
}
